
Microsoft Visual Studio Solution File, Format Version 12.00
# Visual Studio 15
VisualStudioVersion = 15.0.27130.2027
MinimumVisualStudioVersion = 10.0.40219.1
Project("{2150E333-8FDC-42A3-9474-1A3956D46DE8}") = "inc", "inc", "{3EFC5B85-B93D-4302-81F7-DD11C7AA1796}"
	ProjectSection(SolutionItems) = preProject
		inc\common.h = inc\common.h
	EndProjectSection
EndProject
Project("{2150E333-8FDC-42A3-9474-1A3956D46DE8}") = "lib", "lib", "{90C4014D-D484-4A18-939B-DB1EE35F4008}"
EndProject
Project("{8BC9CEB8-8B4A-11D0-8D11-00A0C91BC942}") = "rapidtestexe", "rapidtestexe\rapidtestexe.vcxproj", "{C7F9698D-DE4A-4BFF-AA69-61E47B1F308B}"
EndProject
Project("{2150E333-8FDC-42A3-9474-1A3956D46DE8}") = "github", "github", "{616CC461-068D-4368-B89F-69B8F19DE67B}"
	ProjectSection(SolutionItems) = preProject
		.gitignore = .gitignore
		License.md = License.md
		Readme.md = Readme.md
		update_template.cmd = update_template.cmd
	EndProjectSection
EndProject
Global
	GlobalSection(SolutionConfigurationPlatforms) = preSolution
		Debug|x64 = Debug|x64
		Debug|x86 = Debug|x86
		Release|x64 = Release|x64
		Release|x86 = Release|x86
	EndGlobalSection
	GlobalSection(ProjectConfigurationPlatforms) = postSolution
		{C7F9698D-DE4A-4BFF-AA69-61E47B1F308B}.Debug|x64.ActiveCfg = Debug|x64
		{C7F9698D-DE4A-4BFF-AA69-61E47B1F308B}.Debug|x64.Build.0 = Debug|x64
		{C7F9698D-DE4A-4BFF-AA69-61E47B1F308B}.Debug|x86.ActiveCfg = Debug|x64
		{C7F9698D-DE4A-4BFF-AA69-61E47B1F308B}.Debug|x86.Build.0 = Debug|x64
		{C7F9698D-DE4A-4BFF-AA69-61E47B1F308B}.Release|x64.ActiveCfg = Debug|x64
		{C7F9698D-DE4A-4BFF-AA69-61E47B1F308B}.Release|x64.Build.0 = Debug|x64
		{C7F9698D-DE4A-4BFF-AA69-61E47B1F308B}.Release|x86.ActiveCfg = Debug|x64
		{C7F9698D-DE4A-4BFF-AA69-61E47B1F308B}.Release|x86.Build.0 = Debug|x64
	EndGlobalSection
	GlobalSection(SolutionProperties) = preSolution
		HideSolutionNode = FALSE
	EndGlobalSection
	GlobalSection(ExtensibilityGlobals) = postSolution
		SolutionGuid = {B349239C-0D3C-4F26-BAB4-CBB16C9AF2B1}
	EndGlobalSection
EndGlobal
